
Microsoft Visual Studio Solution File, Format Version 12.00
# Visual Studio Version 17
VisualStudioVersion = 17.1.32328.378
MinimumVisualStudioVersion = 10.0.40219.1
Project("{9A19103F-16F7-4668-BE54-9A1E7A4F7556}") = "Catalog.Api", "Catalog.Api.csproj", "{9BE7646A-01A9-4B31-B453-6989B32274CA}"
EndProject
Project("{9A19103F-16F7-4668-BE54-9A1E7A4F7556}") = "Catalog.UnitTests", "..\Catalog.UnitTests\Catalog.UnitTests.csproj", "{6FA1DE7C-63BB-46F8-9E08-CA35D5099478}"
EndProject
Global
	GlobalSection(SolutionConfigurationPlatforms) = preSolution
		Debug|Any CPU = Debug|Any CPU
		Release|Any CPU = Release|Any CPU
	EndGlobalSection
	GlobalSection(ProjectConfigurationPlatforms) = postSolution
		{9BE7646A-01A9-4B31-B453-6989B32274CA}.Debug|Any CPU.ActiveCfg = Debug|Any CPU
		{9BE7646A-01A9-4B31-B453-6989B32274CA}.Debug|Any CPU.Build.0 = Debug|Any CPU
		{9BE7646A-01A9-4B31-B453-6989B32274CA}.Release|Any CPU.ActiveCfg = Release|Any CPU
		{9BE7646A-01A9-4B31-B453-6989B32274CA}.Release|Any CPU.Build.0 = Release|Any CPU
		{6FA1DE7C-63BB-46F8-9E08-CA35D5099478}.Debug|Any CPU.ActiveCfg = Debug|Any CPU
		{6FA1DE7C-63BB-46F8-9E08-CA35D5099478}.Debug|Any CPU.Build.0 = Debug|Any CPU
		{6FA1DE7C-63BB-46F8-9E08-CA35D5099478}.Release|Any CPU.ActiveCfg = Release|Any CPU
		{6FA1DE7C-63BB-46F8-9E08-CA35D5099478}.Release|Any CPU.Build.0 = Release|Any CPU
	EndGlobalSection
	GlobalSection(SolutionProperties) = preSolution
		HideSolutionNode = FALSE
	EndGlobalSection
	GlobalSection(ExtensibilityGlobals) = postSolution
		SolutionGuid = {3E3D2E46-249F-4373-88E8-35AA51158989}
	EndGlobalSection
EndGlobal
