
Microsoft Visual Studio Solution File, Format Version 12.00
# Visual Studio Version 16
VisualStudioVersion = 16.0.31911.196
MinimumVisualStudioVersion = 10.0.40219.1
Project("{9A19103F-16F7-4668-BE54-9A1E7A4F7556}") = "Catalog", "build.csproj", "{19768FD7-C7A9-4947-A441-4B242BED59DE}"
EndProject
Global
	GlobalSection(SolutionConfigurationPlatforms) = preSolution
		Debug|Any CPU = Debug|Any CPU
		Release|Any CPU = Release|Any CPU
	EndGlobalSection
	GlobalSection(ProjectConfigurationPlatforms) = postSolution
		{19768FD7-C7A9-4947-A441-4B242BED59DE}.Debug|Any CPU.ActiveCfg = Debug|Any CPU
		{19768FD7-C7A9-4947-A441-4B242BED59DE}.Debug|Any CPU.Build.0 = Debug|Any CPU
		{19768FD7-C7A9-4947-A441-4B242BED59DE}.Release|Any CPU.ActiveCfg = Release|Any CPU
		{19768FD7-C7A9-4947-A441-4B242BED59DE}.Release|Any CPU.Build.0 = Release|Any CPU
	EndGlobalSection
	GlobalSection(SolutionProperties) = preSolution
		HideSolutionNode = FALSE
	EndGlobalSection
	GlobalSection(ExtensibilityGlobals) = postSolution
		SolutionGuid = {2801CE9D-8905-4A6A-AA32-4B249F1E719B}
	EndGlobalSection
EndGlobal
